// !$*UTF8*$!
{
	archiveVersion = 1;
	classes = {
	};
	objectVersion = 56;
	objects = {

/* Begin PBXBuildFile section */
		2743B59C2A8F052B000D0B73 /* AppDelegate.swift in Sources */ = {isa = PBXBuildFile; fileRef = 2743B59B2A8F052B000D0B73 /* AppDelegate.swift */; };
		2743B59E2A8F052B000D0B73 /* SceneDelegate.swift in Sources */ = {isa = PBXBuildFile; fileRef = 2743B59D2A8F052B000D0B73 /* SceneDelegate.swift */; };
		2743B5A02A8F052B000D0B73 /* ViewController.swift in Sources */ = {isa = PBXBuildFile; fileRef = 2743B59F2A8F052B000D0B73 /* ViewController.swift */; };
		2743B5A32A8F052B000D0B73 /* Main.storyboard in Resources */ = {isa = PBXBuildFile; fileRef = 2743B5A12A8F052B000D0B73 /* Main.storyboard */; };
		2743B5A52A8F052C000D0B73 /* Assets.xcassets in Resources */ = {isa = PBXBuildFile; fileRef = 2743B5A42A8F052C000D0B73 /* Assets.xcassets */; };
		2743B5A82A8F052C000D0B73 /* LaunchScreen.storyboard in Resources */ = {isa = PBXBuildFile; fileRef = 2743B5A62A8F052C000D0B73 /* LaunchScreen.storyboard */; };
		2743B5B32A8F052C000D0B73 /* searchfoodTests.swift in Sources */ = {isa = PBXBuildFile; fileRef = 2743B5B22A8F052C000D0B73 /* searchfoodTests.swift */; };
		2743B5BD2A8F052C000D0B73 /* searchfoodUITests.swift in Sources */ = {isa = PBXBuildFile; fileRef = 2743B5BC2A8F052C000D0B73 /* searchfoodUITests.swift */; };
		2743B5BF2A8F052C000D0B73 /* searchfoodUITestsLaunchTests.swift in Sources */ = {isa = PBXBuildFile; fileRef = 2743B5BE2A8F052C000D0B73 /* searchfoodUITestsLaunchTests.swift */; };
/* End PBXBuildFile section */

/* Begin PBXContainerItemProxy section */
		2743B5AF2A8F052C000D0B73 /* PBXContainerItemProxy */ = {
			isa = PBXContainerItemProxy;
			containerPortal = 2743B5902A8F052B000D0B73 /* Project object */;
			proxyType = 1;
			remoteGlobalIDString = 2743B5972A8F052B000D0B73;
			remoteInfo = searchfood;
		};
		2743B5B92A8F052C000D0B73 /* PBXContainerItemProxy */ = {
			isa = PBXContainerItemProxy;
			containerPortal = 2743B5902A8F052B000D0B73 /* Project object */;
			proxyType = 1;
			remoteGlobalIDString = 2743B5972A8F052B000D0B73;
			remoteInfo = searchfood;
		};
/* End PBXContainerItemProxy section */

/* Begin PBXFileReference section */
		2743B5982A8F052B000D0B73 /* searchfood.app */ = {isa = PBXFileReference; explicitFileType = wrapper.application; includeInIndex = 0; path = searchfood.app; sourceTree = BUILT_PRODUCTS_DIR; };
		2743B59B2A8F052B000D0B73 /* AppDelegate.swift */ = {isa = PBXFileReference; lastKnownFileType = sourcecode.swift; path = AppDelegate.swift; sourceTree = "<group>"; };
		2743B59D2A8F052B000D0B73 /* SceneDelegate.swift */ = {isa = PBXFileReference; lastKnownFileType = sourcecode.swift; path = SceneDelegate.swift; sourceTree = "<group>"; };
		2743B59F2A8F052B000D0B73 /* ViewController.swift */ = {isa = PBXFileReference; lastKnownFileType = sourcecode.swift; path = ViewController.swift; sourceTree = "<group>"; };
		2743B5A22A8F052B000D0B73 /* Base */ = {isa = PBXFileReference; lastKnownFileType = file.storyboard; name = Base; path = Base.lproj/Main.storyboard; sourceTree = "<group>"; };
		2743B5A42A8F052C000D0B73 /* Assets.xcassets */ = {isa = PBXFileReference; lastKnownFileType = folder.assetcatalog; path = Assets.xcassets; sourceTree = "<group>"; };
		2743B5A72A8F052C000D0B73 /* Base */ = {isa = PBXFileReference; lastKnownFileType = file.storyboard; name = Base; path = Base.lproj/LaunchScreen.storyboard; sourceTree = "<group>"; };
		2743B5A92A8F052C000D0B73 /* Info.plist */ = {isa = PBXFileReference; lastKnownFileType = text.plist.xml; path = Info.plist; sourceTree = "<group>"; };
		2743B5AE2A8F052C000D0B73 /* searchfoodTests.xctest */ = {isa = PBXFileReference; explicitFileType = wrapper.cfbundle; includeInIndex = 0; path = searchfoodTests.xctest; sourceTree = BUILT_PRODUCTS_DIR; };
		2743B5B22A8F052C000D0B73 /* searchfoodTests.swift */ = {isa = PBXFileReference; lastKnownFileType = sourcecode.swift; path = searchfoodTests.swift; sourceTree = "<group>"; };
		2743B5B82A8F052C000D0B73 /* searchfoodUITests.xctest */ = {isa = PBXFileReference; explicitFileType = wrapper.cfbundle; includeInIndex = 0; path = searchfoodUITests.xctest; sourceTree = BUILT_PRODUCTS_DIR; };
		2743B5BC2A8F052C000D0B73 /* searchfoodUITests.swift */ = {isa = PBXFileReference; lastKnownFileType = sourcecode.swift; path = searchfoodUITests.swift; sourceTree = "<group>"; };
		2743B5BE2A8F052C000D0B73 /* searchfoodUITestsLaunchTests.swift */ = {isa = PBXFileReference; lastKnownFileType = sourcecode.swift; path = searchfoodUITestsLaunchTests.swift; sourceTree = "<group>"; };
/* End PBXFileReference section */

/* Begin PBXFrameworksBuildPhase section */
		2743B5952A8F052B000D0B73 /* Frameworks */ = {
			isa = PBXFrameworksBuildPhase;
			buildActionMask = 2147483647;
			files = (
			);
			runOnlyForDeploymentPostprocessing = 0;
		};
		2743B5AB2A8F052C000D0B73 /* Frameworks */ = {
			isa = PBXFrameworksBuildPhase;
			buildActionMask = 2147483647;
			files = (
			);
			runOnlyForDeploymentPostprocessing = 0;
		};
		2743B5B52A8F052C000D0B73 /* Frameworks */ = {
			isa = PBXFrameworksBuildPhase;
			buildActionMask = 2147483647;
			files = (
			);
			runOnlyForDeploymentPostprocessing = 0;
		};
/* End PBXFrameworksBuildPhase section */

/* Begin PBXGroup section */
		2743B58F2A8F052B000D0B73 = {
			isa = PBXGroup;
			children = (
				2743B59A2A8F052B000D0B73 /* searchfood */,
				2743B5B12A8F052C000D0B73 /* searchfoodTests */,
				2743B5BB2A8F052C000D0B73 /* searchfoodUITests */,
				2743B5992A8F052B000D0B73 /* Products */,
			);
			sourceTree = "<group>";
		};
		2743B5992A8F052B000D0B73 /* Products */ = {
			isa = PBXGroup;
			children = (
				2743B5982A8F052B000D0B73 /* searchfood.app */,
				2743B5AE2A8F052C000D0B73 /* searchfoodTests.xctest */,
				2743B5B82A8F052C000D0B73 /* searchfoodUITests.xctest */,
			);
			name = Products;
			sourceTree = "<group>";
		};
		2743B59A2A8F052B000D0B73 /* searchfood */ = {
			isa = PBXGroup;
			children = (
				2743B59B2A8F052B000D0B73 /* AppDelegate.swift */,
				2743B59D2A8F052B000D0B73 /* SceneDelegate.swift */,
				2743B59F2A8F052B000D0B73 /* ViewController.swift */,
				2743B5A12A8F052B000D0B73 /* Main.storyboard */,
				2743B5A42A8F052C000D0B73 /* Assets.xcassets */,
				2743B5A62A8F052C000D0B73 /* LaunchScreen.storyboard */,
				2743B5A92A8F052C000D0B73 /* Info.plist */,
			);
			path = searchfood;
			sourceTree = "<group>";
		};
		2743B5B12A8F052C000D0B73 /* searchfoodTests */ = {
			isa = PBXGroup;
			children = (
				2743B5B22A8F052C000D0B73 /* searchfoodTests.swift */,
			);
			path = searchfoodTests;
			sourceTree = "<group>";
		};
		2743B5BB2A8F052C000D0B73 /* searchfoodUITests */ = {
			isa = PBXGroup;
			children = (
				2743B5BC2A8F052C000D0B73 /* searchfoodUITests.swift */,
				2743B5BE2A8F052C000D0B73 /* searchfoodUITestsLaunchTests.swift */,
			);
			path = searchfoodUITests;
			sourceTree = "<group>";
		};
/* End PBXGroup section */

/* Begin PBXNativeTarget section */
		2743B5972A8F052B000D0B73 /* searchfood */ = {
			isa = PBXNativeTarget;
			buildConfigurationList = 2743B5C22A8F052C000D0B73 /* Build configuration list for PBXNativeTarget "searchfood" */;
			buildPhases = (
				2743B5942A8F052B000D0B73 /* Sources */,
				2743B5952A8F052B000D0B73 /* Frameworks */,
				2743B5962A8F052B000D0B73 /* Resources */,
			);
			buildRules = (
			);
			dependencies = (
			);
			name = searchfood;
			productName = searchfood;
			productReference = 2743B5982A8F052B000D0B73 /* searchfood.app */;
			productType = "com.apple.product-type.application";
		};
		2743B5AD2A8F052C000D0B73 /* searchfoodTests */ = {
			isa = PBXNativeTarget;
			buildConfigurationList = 2743B5C52A8F052C000D0B73 /* Build configuration list for PBXNativeTarget "searchfoodTests" */;
			buildPhases = (
				2743B5AA2A8F052C000D0B73 /* Sources */,
				2743B5AB2A8F052C000D0B73 /* Frameworks */,
				2743B5AC2A8F052C000D0B73 /* Resources */,
			);
			buildRules = (
			);
			dependencies = (
				2743B5B02A8F052C000D0B73 /* PBXTargetDependency */,
			);
			name = searchfoodTests;
			productName = searchfoodTests;
			productReference = 2743B5AE2A8F052C000D0B73 /* searchfoodTests.xctest */;
			productType = "com.apple.product-type.bundle.unit-test";
		};
		2743B5B72A8F052C000D0B73 /* searchfoodUITests */ = {
			isa = PBXNativeTarget;
			buildConfigurationList = 2743B5C82A8F052C000D0B73 /* Build configuration list for PBXNativeTarget "searchfoodUITests" */;
			buildPhases = (
				2743B5B42A8F052C000D0B73 /* Sources */,
				2743B5B52A8F052C000D0B73 /* Frameworks */,
				2743B5B62A8F052C000D0B73 /* Resources */,
			);
			buildRules = (
			);
			dependencies = (
				2743B5BA2A8F052C000D0B73 /* PBXTargetDependency */,
			);
			name = searchfoodUITests;
			productName = searchfoodUITests;
			productReference = 2743B5B82A8F052C000D0B73 /* searchfoodUITests.xctest */;
			productType = "com.apple.product-type.bundle.ui-testing";
		};
/* End PBXNativeTarget section */

/* Begin PBXProject section */
		2743B5902A8F052B000D0B73 /* Project object */ = {
			isa = PBXProject;
			attributes = {
				BuildIndependentTargetsInParallel = 1;
				LastSwiftUpdateCheck = 1430;
				LastUpgradeCheck = 1430;
				TargetAttributes = {
					2743B5972A8F052B000D0B73 = {
						CreatedOnToolsVersion = 14.3.1;
					};
					2743B5AD2A8F052C000D0B73 = {
						CreatedOnToolsVersion = 14.3.1;
						TestTargetID = 2743B5972A8F052B000D0B73;
					};
					2743B5B72A8F052C000D0B73 = {
						CreatedOnToolsVersion = 14.3.1;
						TestTargetID = 2743B5972A8F052B000D0B73;
					};
				};
			};
			buildConfigurationList = 2743B5932A8F052B000D0B73 /* Build configuration list for PBXProject "searchfood" */;
			compatibilityVersion = "Xcode 14.0";
			developmentRegion = en;
			hasScannedForEncodings = 0;
			knownRegions = (
				en,
				Base,
			);
			mainGroup = 2743B58F2A8F052B000D0B73;
			productRefGroup = 2743B5992A8F052B000D0B73 /* Products */;
			projectDirPath = "";
			projectRoot = "";
			targets = (
				2743B5972A8F052B000D0B73 /* searchfood */,
				2743B5AD2A8F052C000D0B73 /* searchfoodTests */,
				2743B5B72A8F052C000D0B73 /* searchfoodUITests */,
			);
		};
/* End PBXProject section */

/* Begin PBXResourcesBuildPhase section */
		2743B5962A8F052B000D0B73 /* Resources */ = {
			isa = PBXResourcesBuildPhase;
			buildActionMask = 2147483647;
			files = (
				2743B5A82A8F052C000D0B73 /* LaunchScreen.storyboard in Resources */,
				2743B5A52A8F052C000D0B73 /* Assets.xcassets in Resources */,
				2743B5A32A8F052B000D0B73 /* Main.storyboard in Resources */,
			);
			runOnlyForDeploymentPostprocessing = 0;
		};
		2743B5AC2A8F052C000D0B73 /* Resources */ = {
			isa = PBXResourcesBuildPhase;
			buildActionMask = 2147483647;
			files = (
			);
			runOnlyForDeploymentPostprocessing = 0;
		};
		2743B5B62A8F052C000D0B73 /* Resources */ = {
			isa = PBXResourcesBuildPhase;
			buildActionMask = 2147483647;
			files = (
			);
			runOnlyForDeploymentPostprocessing = 0;
		};
/* End PBXResourcesBuildPhase section */

/* Begin PBXSourcesBuildPhase section */
		2743B5942A8F052B000D0B73 /* Sources */ = {
			isa = PBXSourcesBuildPhase;
			buildActionMask = 2147483647;
			files = (
				2743B5A02A8F052B000D0B73 /* ViewController.swift in Sources */,
				2743B59C2A8F052B000D0B73 /* AppDelegate.swift in Sources */,
				2743B59E2A8F052B000D0B73 /* SceneDelegate.swift in Sources */,
			);
			runOnlyForDeploymentPostprocessing = 0;
		};
		2743B5AA2A8F052C000D0B73 /* Sources */ = {
			isa = PBXSourcesBuildPhase;
			buildActionMask = 2147483647;
			files = (
				2743B5B32A8F052C000D0B73 /* searchfoodTests.swift in Sources */,
			);
			runOnlyForDeploymentPostprocessing = 0;
		};
		2743B5B42A8F052C000D0B73 /* Sources */ = {
			isa = PBXSourcesBuildPhase;
			buildActionMask = 2147483647;
			files = (
				2743B5BF2A8F052C000D0B73 /* searchfoodUITestsLaunchTests.swift in Sources */,
				2743B5BD2A8F052C000D0B73 /* searchfoodUITests.swift in Sources */,
			);
			runOnlyForDeploymentPostprocessing = 0;
		};
/* End PBXSourcesBuildPhase section */

/* Begin PBXTargetDependency section */
		2743B5B02A8F052C000D0B73 /* PBXTargetDependency */ = {
			isa = PBXTargetDependency;
			target = 2743B5972A8F052B000D0B73 /* searchfood */;
			targetProxy = 2743B5AF2A8F052C000D0B73 /* PBXContainerItemProxy */;
		};
		2743B5BA2A8F052C000D0B73 /* PBXTargetDependency */ = {
			isa = PBXTargetDependency;
			target = 2743B5972A8F052B000D0B73 /* searchfood */;
			targetProxy = 2743B5B92A8F052C000D0B73 /* PBXContainerItemProxy */;
		};
/* End PBXTargetDependency section */

/* Begin PBXVariantGroup section */
		2743B5A12A8F052B000D0B73 /* Main.storyboard */ = {
			isa = PBXVariantGroup;
			children = (
				2743B5A22A8F052B000D0B73 /* Base */,
			);
			name = Main.storyboard;
			sourceTree = "<group>";
		};
		2743B5A62A8F052C000D0B73 /* LaunchScreen.storyboard */ = {
			isa = PBXVariantGroup;
			children = (
				2743B5A72A8F052C000D0B73 /* Base */,
			);
			name = LaunchScreen.storyboard;
			sourceTree = "<group>";
		};
/* End PBXVariantGroup section */

/* Begin XCBuildConfiguration section */
		2743B5C02A8F052C000D0B73 /* Debug */ = {
			isa = XCBuildConfiguration;
			buildSettings = {
				ALWAYS_SEARCH_USER_PATHS = NO;
				CLANG_ANALYZER_NONNULL = YES;
				CLANG_ANALYZER_NUMBER_OBJECT_CONVERSION = YES_AGGRESSIVE;
				CLANG_CXX_LANGUAGE_STANDARD = "gnu++20";
				CLANG_ENABLE_MODULES = YES;
				CLANG_ENABLE_OBJC_ARC = YES;
				CLANG_ENABLE_OBJC_WEAK = YES;
				CLANG_WARN_BLOCK_CAPTURE_AUTORELEASING = YES;
				CLANG_WARN_BOOL_CONVERSION = YES;
				CLANG_WARN_COMMA = YES;
				CLANG_WARN_CONSTANT_CONVERSION = YES;
				CLANG_WARN_DEPRECATED_OBJC_IMPLEMENTATIONS = YES;
				CLANG_WARN_DIRECT_OBJC_ISA_USAGE = YES_ERROR;
				CLANG_WARN_DOCUMENTATION_COMMENTS = YES;
				CLANG_WARN_EMPTY_BODY = YES;
				CLANG_WARN_ENUM_CONVERSION = YES;
				CLANG_WARN_INFINITE_RECURSION = YES;
				CLANG_WARN_INT_CONVERSION = YES;
				CLANG_WARN_NON_LITERAL_NULL_CONVERSION = YES;
				CLANG_WARN_OBJC_IMPLICIT_RETAIN_SELF = YES;
				CLANG_WARN_OBJC_LITERAL_CONVERSION = YES;
				CLANG_WARN_OBJC_ROOT_CLASS = YES_ERROR;
				CLANG_WARN_QUOTED_INCLUDE_IN_FRAMEWORK_HEADER = YES;
				CLANG_WARN_RANGE_LOOP_ANALYSIS = YES;
				CLANG_WARN_STRICT_PROTOTYPES = YES;
				CLANG_WARN_SUSPICIOUS_MOVE = YES;
				CLANG_WARN_UNGUARDED_AVAILABILITY = YES_AGGRESSIVE;
				CLANG_WARN_UNREACHABLE_CODE = YES;
				CLANG_WARN__DUPLICATE_METHOD_MATCH = YES;
				COPY_PHASE_STRIP = NO;
				DEBUG_INFORMATION_FORMAT = dwarf;
				ENABLE_STRICT_OBJC_MSGSEND = YES;
				ENABLE_TESTABILITY = YES;
				GCC_C_LANGUAGE_STANDARD = gnu11;
				GCC_DYNAMIC_NO_PIC = NO;
				GCC_NO_COMMON_BLOCKS = YES;
				GCC_OPTIMIZATION_LEVEL = 0;
				GCC_PREPROCESSOR_DEFINITIONS = (
					"DEBUG=1",
					"$(inherited)",
				);
				GCC_WARN_64_TO_32_BIT_CONVERSION = YES;
				GCC_WARN_ABOUT_RETURN_TYPE = YES_ERROR;
				GCC_WARN_UNDECLARED_SELECTOR = YES;
				GCC_WARN_UNINITIALIZED_AUTOS = YES_AGGRESSIVE;
				GCC_WARN_UNUSED_FUNCTION = YES;
				GCC_WARN_UNUSED_VARIABLE = YES;
				IPHONEOS_DEPLOYMENT_TARGET = 16.4;
				MTL_ENABLE_DEBUG_INFO = INCLUDE_SOURCE;
				MTL_FAST_MATH = YES;
				ONLY_ACTIVE_ARCH = YES;
				SDKROOT = iphoneos;
				SWIFT_ACTIVE_COMPILATION_CONDITIONS = DEBUG;
				SWIFT_OPTIMIZATION_LEVEL = "-Onone";
			};
			name = Debug;
		};
		2743B5C12A8F052C000D0B73 /* Release */ = {
			isa = XCBuildConfiguration;
			buildSettings = {
				ALWAYS_SEARCH_USER_PATHS = NO;
				CLANG_ANALYZER_NONNULL = YES;
				CLANG_ANALYZER_NUMBER_OBJECT_CONVERSION = YES_AGGRESSIVE;
				CLANG_CXX_LANGUAGE_STANDARD = "gnu++20";
				CLANG_ENABLE_MODULES = YES;
				CLANG_ENABLE_OBJC_ARC = YES;
				CLANG_ENABLE_OBJC_WEAK = YES;
				CLANG_WARN_BLOCK_CAPTURE_AUTORELEASING = YES;
				CLANG_WARN_BOOL_CONVERSION = YES;
				CLANG_WARN_COMMA = YES;
				CLANG_WARN_CONSTANT_CONVERSION = YES;
				CLANG_WARN_DEPRECATED_OBJC_IMPLEMENTATIONS = YES;
				CLANG_WARN_DIRECT_OBJC_ISA_USAGE = YES_ERROR;
				CLANG_WARN_DOCUMENTATION_COMMENTS = YES;
				CLANG_WARN_EMPTY_BODY = YES;
				CLANG_WARN_ENUM_CONVERSION = YES;
				CLANG_WARN_INFINITE_RECURSION = YES;
				CLANG_WARN_INT_CONVERSION = YES;
				CLANG_WARN_NON_LITERAL_NULL_CONVERSION = YES;
				CLANG_WARN_OBJC_IMPLICIT_RETAIN_SELF = YES;
				CLANG_WARN_OBJC_LITERAL_CONVERSION = YES;
				CLANG_WARN_OBJC_ROOT_CLASS = YES_ERROR;
				CLANG_WARN_QUOTED_INCLUDE_IN_FRAMEWORK_HEADER = YES;
				CLANG_WARN_RANGE_LOOP_ANALYSIS = YES;
				CLANG_WARN_STRICT_PROTOTYPES = YES;
				CLANG_WARN_SUSPICIOUS_MOVE = YES;
				CLANG_WARN_UNGUARDED_AVAILABILITY = YES_AGGRESSIVE;
				CLANG_WARN_UNREACHABLE_CODE = YES;
				CLANG_WARN__DUPLICATE_METHOD_MATCH = YES;
				COPY_PHASE_STRIP = NO;
				DEBUG_INFORMATION_FORMAT = "dwarf-with-dsym";
				ENABLE_NS_ASSERTIONS = NO;
				ENABLE_STRICT_OBJC_MSGSEND = YES;
				GCC_C_LANGUAGE_STANDARD = gnu11;
				GCC_NO_COMMON_BLOCKS = YES;
				GCC_WARN_64_TO_32_BIT_CONVERSION = YES;
				GCC_WARN_ABOUT_RETURN_TYPE = YES_ERROR;
				GCC_WARN_UNDECLARED_SELECTOR = YES;
				GCC_WARN_UNINITIALIZED_AUTOS = YES_AGGRESSIVE;
				GCC_WARN_UNUSED_FUNCTION = YES;
				GCC_WARN_UNUSED_VARIABLE = YES;
				IPHONEOS_DEPLOYMENT_TARGET = 16.4;
				MTL_ENABLE_DEBUG_INFO = NO;
				MTL_FAST_MATH = YES;
				SDKROOT = iphoneos;
				SWIFT_COMPILATION_MODE = wholemodule;
				SWIFT_OPTIMIZATION_LEVEL = "-O";
				VALIDATE_PRODUCT = YES;
			};
			name = Release;
		};
		2743B5C32A8F052C000D0B73 /* Debug */ = {
			isa = XCBuildConfiguration;
			buildSettings = {
				ASSETCATALOG_COMPILER_APPICON_NAME = AppIcon;
				ASSETCATALOG_COMPILER_GLOBAL_ACCENT_COLOR_NAME = AccentColor;
				CODE_SIGN_STYLE = Automatic;
				CURRENT_PROJECT_VERSION = 1;
				DEVELOPMENT_TEAM = K4Y56753AN;
				GENERATE_INFOPLIST_FILE = YES;
				INFOPLIST_FILE = searchfood/Info.plist;
				INFOPLIST_KEY_UIApplicationSupportsIndirectInputEvents = YES;
				INFOPLIST_KEY_UILaunchStoryboardName = LaunchScreen;
				INFOPLIST_KEY_UIMainStoryboardFile = Main;
				INFOPLIST_KEY_UISupportedInterfaceOrientations_iPad = "UIInterfaceOrientationPortrait UIInterfaceOrientationPortraitUpsideDown UIInterfaceOrientationLandscapeLeft UIInterfaceOrientationLandscapeRight";
				INFOPLIST_KEY_UISupportedInterfaceOrientations_iPhone = "UIInterfaceOrientationPortrait UIInterfaceOrientationLandscapeLeft UIInterfaceOrientationLandscapeRight";
				LD_RUNPATH_SEARCH_PATHS = (
					"$(inherited)",
					"@executable_path/Frameworks",
				);
				MARKETING_VERSION = 1.0;
				PRODUCT_BUNDLE_IDENTIFIER = com.Kylelu.searchfood;
				PRODUCT_NAME = "$(TARGET_NAME)";
				SWIFT_EMIT_LOC_STRINGS = YES;
				SWIFT_VERSION = 5.0;
				TARGETED_DEVICE_FAMILY = "1,2";
			};
			name = Debug;
		};
		2743B5C42A8F052C000D0B73 /* Release */ = {
			isa = XCBuildConfiguration;
			buildSettings = {
				ASSETCATALOG_COMPILER_APPICON_NAME = AppIcon;
				ASSETCATALOG_COMPILER_GLOBAL_ACCENT_COLOR_NAME = AccentColor;
				CODE_SIGN_STYLE = Automatic;
				CURRENT_PROJECT_VERSION = 1;
				DEVELOPMENT_TEAM = K4Y56753AN;
				GENERATE_INFOPLIST_FILE = YES;
				INFOPLIST_FILE = searchfood/Info.plist;
				INFOPLIST_KEY_UIApplicationSupportsIndirectInputEvents = YES;
				INFOPLIST_KEY_UILaunchStoryboardName = LaunchScreen;
				INFOPLIST_KEY_UIMainStoryboardFile = Main;
				INFOPLIST_KEY_UISupportedInterfaceOrientations_iPad = "UIInterfaceOrientationPortrait UIInterfaceOrientationPortraitUpsideDown UIInterfaceOrientationLandscapeLeft UIInterfaceOrientationLandscapeRight";
				INFOPLIST_KEY_UISupportedInterfaceOrientations_iPhone = "UIInterfaceOrientationPortrait UIInterfaceOrientationLandscapeLeft UIInterfaceOrientationLandscapeRight";
				LD_RUNPATH_SEARCH_PATHS = (
					"$(inherited)",
					"@executable_path/Frameworks",
				);
				MARKETING_VERSION = 1.0;
				PRODUCT_BUNDLE_IDENTIFIER = com.Kylelu.searchfood;
				PRODUCT_NAME = "$(TARGET_NAME)";
				SWIFT_EMIT_LOC_STRINGS = YES;
				SWIFT_VERSION = 5.0;
				TARGETED_DEVICE_FAMILY = "1,2";
			};
			name = Release;
		};
		2743B5C62A8F052C000D0B73 /* Debug */ = {
			isa = XCBuildConfiguration;
			buildSettings = {
				ALWAYS_EMBED_SWIFT_STANDARD_LIBRARIES = YES;
				BUNDLE_LOADER = "$(TEST_HOST)";
				CODE_SIGN_STYLE = Automatic;
				CURRENT_PROJECT_VERSION = 1;
				DEVELOPMENT_TEAM = K4Y56753AN;
				GENERATE_INFOPLIST_FILE = YES;
				IPHONEOS_DEPLOYMENT_TARGET = 16.4;
				MARKETING_VERSION = 1.0;
				PRODUCT_BUNDLE_IDENTIFIER = com.Kylelu.searchfoodTests;
				PRODUCT_NAME = "$(TARGET_NAME)";
				SWIFT_EMIT_LOC_STRINGS = NO;
				SWIFT_VERSION = 5.0;
				TARGETED_DEVICE_FAMILY = "1,2";
				TEST_HOST = "$(BUILT_PRODUCTS_DIR)/searchfood.app/$(BUNDLE_EXECUTABLE_FOLDER_PATH)/searchfood";
			};
			name = Debug;
		};
		2743B5C72A8F052C000D0B73 /* Release */ = {
			isa = XCBuildConfiguration;
			buildSettings = {
				ALWAYS_EMBED_SWIFT_STANDARD_LIBRARIES = YES;
				BUNDLE_LOADER = "$(TEST_HOST)";
				CODE_SIGN_STYLE = Automatic;
				CURRENT_PROJECT_VERSION = 1;
				DEVELOPMENT_TEAM = K4Y56753AN;
				GENERATE_INFOPLIST_FILE = YES;
				IPHONEOS_DEPLOYMENT_TARGET = 16.4;
				MARKETING_VERSION = 1.0;
				PRODUCT_BUNDLE_IDENTIFIER = com.Kylelu.searchfoodTests;
				PRODUCT_NAME = "$(TARGET_NAME)";
				SWIFT_EMIT_LOC_STRINGS = NO;
				SWIFT_VERSION = 5.0;
				TARGETED_DEVICE_FAMILY = "1,2";
				TEST_HOST = "$(BUILT_PRODUCTS_DIR)/searchfood.app/$(BUNDLE_EXECUTABLE_FOLDER_PATH)/searchfood";
			};
			name = Release;
		};
		2743B5C92A8F052C000D0B73 /* Debug */ = {
			isa = XCBuildConfiguration;
			buildSettings = {
				ALWAYS_EMBED_SWIFT_STANDARD_LIBRARIES = YES;
				CODE_SIGN_STYLE = Automatic;
				CURRENT_PROJECT_VERSION = 1;
				DEVELOPMENT_TEAM = K4Y56753AN;
				GENERATE_INFOPLIST_FILE = YES;
				MARKETING_VERSION = 1.0;
				PRODUCT_BUNDLE_IDENTIFIER = com.Kylelu.searchfoodUITests;
				PRODUCT_NAME = "$(TARGET_NAME)";
				SWIFT_EMIT_LOC_STRINGS = NO;
				SWIFT_VERSION = 5.0;
				TARGETED_DEVICE_FAMILY = "1,2";
				TEST_TARGET_NAME = searchfood;
			};
			name = Debug;
		};
		2743B5CA2A8F052C000D0B73 /* Release */ = {
			isa = XCBuildConfiguration;
			buildSettings = {
				ALWAYS_EMBED_SWIFT_STANDARD_LIBRARIES = YES;
				CODE_SIGN_STYLE = Automatic;
				CURRENT_PROJECT_VERSION = 1;
				DEVELOPMENT_TEAM = K4Y56753AN;
				GENERATE_INFOPLIST_FILE = YES;
				MARKETING_VERSION = 1.0;
				PRODUCT_BUNDLE_IDENTIFIER = com.Kylelu.searchfoodUITests;
				PRODUCT_NAME = "$(TARGET_NAME)";
				SWIFT_EMIT_LOC_STRINGS = NO;
				SWIFT_VERSION = 5.0;
				TARGETED_DEVICE_FAMILY = "1,2";
				TEST_TARGET_NAME = searchfood;
			};
			name = Release;
		};
/* End XCBuildConfiguration section */

/* Begin XCConfigurationList section */
		2743B5932A8F052B000D0B73 /* Build configuration list for PBXProject "searchfood" */ = {
			isa = XCConfigurationList;
			buildConfigurations = (
				2743B5C02A8F052C000D0B73 /* Debug */,
				2743B5C12A8F052C000D0B73 /* Release */,
			);
			defaultConfigurationIsVisible = 0;
			defaultConfigurationName = Release;
		};
		2743B5C22A8F052C000D0B73 /* Build configuration list for PBXNativeTarget "searchfood" */ = {
			isa = XCConfigurationList;
			buildConfigurations = (
				2743B5C32A8F052C000D0B73 /* Debug */,
				2743B5C42A8F052C000D0B73 /* Release */,
			);
			defaultConfigurationIsVisible = 0;
			defaultConfigurationName = Release;
		};
		2743B5C52A8F052C000D0B73 /* Build configuration list for PBXNativeTarget "searchfoodTests" */ = {
			isa = XCConfigurationList;
			buildConfigurations = (
				2743B5C62A8F052C000D0B73 /* Debug */,
				2743B5C72A8F052C000D0B73 /* Release */,
			);
			defaultConfigurationIsVisible = 0;
			defaultConfigurationName = Release;
		};
		2743B5C82A8F052C000D0B73 /* Build configuration list for PBXNativeTarget "searchfoodUITests" */ = {
			isa = XCConfigurationList;
			buildConfigurations = (
				2743B5C92A8F052C000D0B73 /* Debug */,
				2743B5CA2A8F052C000D0B73 /* Release */,
			);
			defaultConfigurationIsVisible = 0;
			defaultConfigurationName = Release;
		};
/* End XCConfigurationList section */
	};
	rootObject = 2743B5902A8F052B000D0B73 /* Project object */;
}
